
Microsoft Visual Studio Solution File, Format Version 12.00
# Visual Studio Version 16
VisualStudioVersion = 16.0.29411.108
MinimumVisualStudioVersion = 10.0.40219.1
Project("{FAE04EC0-301F-11D3-BF4B-00C04F79EFBC}") = "RegistrationConsoleApp", "RegistrationConsoleApp\RegistrationConsoleApp.csproj", "{7B7E5460-4D35-482A-B76B-F98392D7D2DD}"
EndProject
Global
	GlobalSection(SolutionConfigurationPlatforms) = preSolution
		Debug|Any CPU = Debug|Any CPU
		Release|Any CPU = Release|Any CPU
	EndGlobalSection
	GlobalSection(ProjectConfigurationPlatforms) = postSolution
		{7B7E5460-4D35-482A-B76B-F98392D7D2DD}.Debug|Any CPU.ActiveCfg = Debug|Any CPU
		{7B7E5460-4D35-482A-B76B-F98392D7D2DD}.Debug|Any CPU.Build.0 = Debug|Any CPU
		{7B7E5460-4D35-482A-B76B-F98392D7D2DD}.Release|Any CPU.ActiveCfg = Release|Any CPU
		{7B7E5460-4D35-482A-B76B-F98392D7D2DD}.Release|Any CPU.Build.0 = Release|Any CPU
	EndGlobalSection
	GlobalSection(SolutionProperties) = preSolution
		HideSolutionNode = FALSE
	EndGlobalSection
	GlobalSection(ExtensibilityGlobals) = postSolution
		SolutionGuid = {C753C226-52A9-4FA3-830C-7A7438E82016}
	EndGlobalSection
EndGlobal
